
Microsoft Visual Studio Solution File, Format Version 12.00
# Visual Studio Version 17
VisualStudioVersion = 17.12.35506.116
MinimumVisualStudioVersion = 10.0.40219.1
Project("{FAE04EC0-301F-11D3-BF4B-00C04F79EFBC}") = "FlashcardsApp", "FlashcardsApp\FlashcardsApp.csproj", "{515F03A9-FD97-4730-8145-62EA6145E1FF}"
EndProject
Project("{FAE04EC0-301F-11D3-BF4B-00C04F79EFBC}") = "FlashcardsLiblary", "FlashcardsLiblary\FlashcardsLiblary.csproj", "{2F448ED1-2B44-42FF-9488-704B5E2E2FB3}"
EndProject
Project("{FAE04EC0-301F-11D3-BF4B-00C04F79EFBC}") = "FlashcardsRepository", "FlashcardsRepository\FlashcardsRepository.csproj", "{9E458C34-9AD5-4336-84BF-B7F32414E1BA}"
EndProject
Project("{FAE04EC0-301F-11D3-BF4B-00C04F79EFBC}") = "FlashcardsViewModels", "FlashcardsViewModel\FlashcardsViewModels.csproj", "{98E1F942-3EF3-4151-A6C2-3F39F9696C9F}"
EndProject
Global
	GlobalSection(SolutionConfigurationPlatforms) = preSolution
		Debug|Any CPU = Debug|Any CPU
		Release|Any CPU = Release|Any CPU
	EndGlobalSection
	GlobalSection(ProjectConfigurationPlatforms) = postSolution
		{515F03A9-FD97-4730-8145-62EA6145E1FF}.Debug|Any CPU.ActiveCfg = Debug|Any CPU
		{515F03A9-FD97-4730-8145-62EA6145E1FF}.Debug|Any CPU.Build.0 = Debug|Any CPU
		{515F03A9-FD97-4730-8145-62EA6145E1FF}.Release|Any CPU.ActiveCfg = Release|Any CPU
		{515F03A9-FD97-4730-8145-62EA6145E1FF}.Release|Any CPU.Build.0 = Release|Any CPU
		{2F448ED1-2B44-42FF-9488-704B5E2E2FB3}.Debug|Any CPU.ActiveCfg = Debug|Any CPU
		{2F448ED1-2B44-42FF-9488-704B5E2E2FB3}.Debug|Any CPU.Build.0 = Debug|Any CPU
		{2F448ED1-2B44-42FF-9488-704B5E2E2FB3}.Release|Any CPU.ActiveCfg = Release|Any CPU
		{2F448ED1-2B44-42FF-9488-704B5E2E2FB3}.Release|Any CPU.Build.0 = Release|Any CPU
		{9E458C34-9AD5-4336-84BF-B7F32414E1BA}.Debug|Any CPU.ActiveCfg = Debug|Any CPU
		{9E458C34-9AD5-4336-84BF-B7F32414E1BA}.Debug|Any CPU.Build.0 = Debug|Any CPU
		{9E458C34-9AD5-4336-84BF-B7F32414E1BA}.Release|Any CPU.ActiveCfg = Release|Any CPU
		{9E458C34-9AD5-4336-84BF-B7F32414E1BA}.Release|Any CPU.Build.0 = Release|Any CPU
		{98E1F942-3EF3-4151-A6C2-3F39F9696C9F}.Debug|Any CPU.ActiveCfg = Debug|Any CPU
		{98E1F942-3EF3-4151-A6C2-3F39F9696C9F}.Debug|Any CPU.Build.0 = Debug|Any CPU
		{98E1F942-3EF3-4151-A6C2-3F39F9696C9F}.Release|Any CPU.ActiveCfg = Release|Any CPU
		{98E1F942-3EF3-4151-A6C2-3F39F9696C9F}.Release|Any CPU.Build.0 = Release|Any CPU
	EndGlobalSection
	GlobalSection(SolutionProperties) = preSolution
		HideSolutionNode = FALSE
	EndGlobalSection
EndGlobal
